%{
  "cldr_utils": {:hex, :cldr_utils, "2.10.0", "d6daaa0b21f28c8fb38450a8f82e0c2c7c17782a1479bd276829c2d87c01321a", [:mix], [{:decimal, "~> 1.6 or ~> 2.0", [hex: :decimal, repo: "hexpm", optional: false]}], "hexpm", "10d1dc2c0918245271a4e90b94247eb02a296e2bf98069c3886d3be1e770495b"},
  "decimal": {:hex, :decimal, "2.0.0", "a78296e617b0f5dd4c6caf57c714431347912ffb1d0842e998e9792b5642d697", [:mix], [], "hexpm", "34666e9c55dea81013e77d9d87370fe6cb6291d1ef32f46a1600230b1d44f577"},
  "ex_cldr": {:hex, :ex_cldr, "2.17.0", "ca81696124b2acee60d111a56f20b29dcdeec4c3da57f878b86c1731efaf87ec", [:mix], [{:castore, "~> 0.1", [hex: :castore, repo: "hexpm", optional: true]}, {:certifi, "~> 2.5", [hex: :certifi, repo: "hexpm", optional: true]}, {:cldr_utils, "~> 2.9", [hex: :cldr_utils, repo: "hexpm", optional: false]}, {:decimal, "~> 1.6 or ~> 2.0", [hex: :decimal, repo: "hexpm", optional: false]}, {:gettext, "~> 0.13", [hex: :gettext, repo: "hexpm", optional: true]}, {:jason, "~> 1.0", [hex: :jason, repo: "hexpm", optional: true]}, {:plug, "~> 1.9", [hex: :plug, repo: "hexpm", optional: true]}, {:telemetry, "~> 0.4.0", [hex: :telemetry, repo: "hexpm", optional: true]}], "hexpm", "0a6b42f39e16fee74192a91e1744b3e62fd9d643c85e37c8017f7f7ad4d2e1e5"},
  "ex_cldr_calendars": {:hex, :ex_cldr_calendars, "1.7.1", "d2490358148c09b8915a20d959390ce10ea13cf6e7cfb1df823afbbc2ec71699", [:mix], [{:ex_cldr, "~> 2.12", [hex: :ex_cldr, repo: "hexpm", optional: false]}, {:ex_cldr_lists, "~> 2.4", [hex: :ex_cldr_lists, repo: "hexpm", optional: true]}, {:ex_cldr_units, "~> 2.0", [hex: :ex_cldr_units, repo: "hexpm", optional: true]}, {:jason, "~> 1.0", [hex: :jason, repo: "hexpm", optional: false]}], "hexpm", "7d169e5899a32f65df1d7e5cdd8ac5b0480cd2fd4aea7fcf5e0e51c487ff166a"},
  "ex_cldr_currencies": {:hex, :ex_cldr_currencies, "2.6.2", "b7e9e0075d0e90faae24ee2cb1c7eb5b53e547f2d8a5445a78ebc284c4ea5f83", [:mix], [{:ex_cldr, "~> 2.14", [hex: :ex_cldr, repo: "hexpm", optional: false]}, {:jason, "~> 1.0", [hex: :jason, repo: "hexpm", optional: true]}], "hexpm", "89dd1913ca3d95c27579564a2abec3fa45b6847a304ffaac6a16f960615cb798"},
  "ex_cldr_dates_times": {:hex, :ex_cldr_dates_times, "2.3.0", "5c9fe5b695ac3adf30e3e5640a1f9b0e316f5773409d30e605a7edfc86c55921", [:mix], [{:ex_cldr, "~> 2.8", [hex: :ex_cldr, repo: "hexpm", optional: false]}, {:ex_cldr_calendars, "~> 1.2", [hex: :ex_cldr_calendars, repo: "hexpm", optional: false]}, {:ex_cldr_numbers, "~> 2.6", [hex: :ex_cldr_numbers, repo: "hexpm", optional: false]}, {:jason, "~> 1.0", [hex: :jason, repo: "hexpm", optional: true]}], "hexpm", "be23d316689c85800371cc38418c31b00dc06503996ade80a3e9e5f7645b7611"},
  "ex_cldr_lists": {:hex, :ex_cldr_lists, "2.6.0", "dfa837a5eb69fd4ca9ce85d5f83d01b144218f34286a88a8db3ee23eee946fb2", [:mix], [{:ex_cldr_numbers, "~> 2.15", [hex: :ex_cldr_numbers, repo: "hexpm", optional: false]}, {:jason, "~> 1.0", [hex: :jason, repo: "hexpm", optional: true]}], "hexpm", "353231628730855db78865afc20cecf0db7154c970b3608afe36a82711f4cde0"},
  "ex_cldr_messages": {:git, "https://github.com/elixir-cldr/cldr_messages.git", "829dcfb1b0e7d602c25e1f0623d86590a1ce01e8", []},
  "ex_cldr_numbers": {:hex, :ex_cldr_numbers, "2.15.3", "1fc5f5b3be542664797ea9483d2f1fff7d3c0565ffef0dec4bc53e0b610484fa", [:mix], [{:decimal, "~> 1.6 or ~> 2.0", [hex: :decimal, repo: "hexpm", optional: false]}, {:ex_cldr, "~> 2.15", [hex: :ex_cldr, repo: "hexpm", optional: false]}, {:ex_cldr_currencies, "~> 2.5", [hex: :ex_cldr_currencies, repo: "hexpm", optional: false]}, {:jason, "~> 1.0", [hex: :jason, repo: "hexpm", optional: true]}], "hexpm", "890a0f6286f5ff40d22d70ff35e035729622734f958516ba27a01f804b3ff029"},
  "ex_cldr_units": {:hex, :ex_cldr_units, "2.8.1", "f3fc6da7ff9795f70df16a9c8616df801dbc91831e2c4b994973d7199139b721", [:mix], [{:cldr_utils, "~> 2.6", [hex: :cldr_utils, repo: "hexpm", optional: false]}, {:ex_cldr, "~> 2.13", [hex: :ex_cldr, repo: "hexpm", optional: false]}, {:ex_cldr_lists, "~> 2.2", [hex: :ex_cldr_lists, repo: "hexpm", optional: false]}, {:ex_cldr_numbers, "~> 2.12", [hex: :ex_cldr_numbers, repo: "hexpm", optional: false]}, {:jason, "~> 1.0", [hex: :jason, repo: "hexpm", optional: true]}], "hexpm", "e2e0f5cebdd94dc75142a8cc2fcaec3ad6de5c1501adfe55369caeb4115e7b75"},
  "ex_money": {:hex, :ex_money, "4.4.3", "4fa0f96abb4bd8fb0015139c56e3e0bbbc1336f2871b4a749eb594adcac81632", [:mix], [{:decimal, "~> 1.6", [hex: :decimal, repo: "hexpm", optional: false]}, {:ex_cldr, "~> 2.12", [hex: :ex_cldr, repo: "hexpm", optional: false]}, {:ex_cldr_currencies, "~> 2.4", [hex: :ex_cldr_currencies, repo: "hexpm", optional: false]}, {:ex_cldr_numbers, "~> 2.6", [hex: :ex_cldr_numbers, repo: "hexpm", optional: false]}, {:jason, "~> 1.0", [hex: :jason, repo: "hexpm", optional: true]}, {:nimble_parsec, "~> 0.5", [hex: :nimble_parsec, repo: "hexpm", optional: false]}, {:phoenix_html, "~> 2.0", [hex: :phoenix_html, repo: "hexpm", optional: true]}], "hexpm", "d286cd6fc27f2f11261ea013104bd6a561959a7e80a294bd12a97c2631d51d46"},
  "jason": {:hex, :jason, "1.2.2", "ba43e3f2709fd1aa1dce90aaabfd039d000469c05c56f0b8e31978e03fa39052", [:mix], [{:decimal, "~> 1.0 or ~> 2.0", [hex: :decimal, repo: "hexpm", optional: true]}], "hexpm", "18a228f5f0058ee183f29f9eae0805c6e59d61c3b006760668d8d18ff0d12179"},
  "nimble_parsec": {:hex, :nimble_parsec, "0.6.0", "32111b3bf39137144abd7ba1cce0914533b2d16ef35e8abc5ec8be6122944263", [:mix], [], "hexpm", "27eac315a94909d4dc68bc07a4a83e06c8379237c5ea528a9acff4ca1c873c52"},
}
