%{
  "benchee": {:hex, :benchee, "1.0.1", "66b211f9bfd84bd97e6d1beaddf8fc2312aaabe192f776e8931cb0c16f53a521", [:mix], [{:deep_merge, "~> 1.0", [hex: :deep_merge, repo: "hexpm", optional: false]}], "hexpm"},
  "benchee_markdown": {:hex, :benchee_markdown, "0.2.6", "52fe95c8a4a744e5127264c3cb72db70f2adcc05113139e0a0b69b4df9e95ada", [:mix], [{:benchee, ">= 0.99.0 and < 2.0.0", [hex: :benchee, repo: "hexpm", optional: false]}], "hexpm"},
  "cldr_utils": {:hex, :cldr_utils, "2.15.1", "1136987437ac4821f3ec7d46ff150f1c020a1f79730ff1252bfa7681ed577f31", [:mix], [{:castore, "~> 0.1", [hex: :castore, repo: "hexpm", optional: true]}, {:certifi, "~> 2.5", [hex: :certifi, repo: "hexpm", optional: true]}, {:decimal, "~> 1.9 or ~> 2.0", [hex: :decimal, repo: "hexpm", optional: false]}], "hexpm"},
  "coerce": {:hex, :coerce, "1.0.1", "211c27386315dc2894ac11bc1f413a0e38505d808153367bd5c6e75a4003d096", [:mix], [], "hexpm"},
  "decimal": {:hex, :decimal, "2.0.0", "a78296e617b0f5dd4c6caf57c714431347912ffb1d0842e998e9792b5642d697", [:mix], [], "hexpm"},
  "deep_merge": {:hex, :deep_merge, "1.0.0", "b4aa1a0d1acac393bdf38b2291af38cb1d4a52806cf7a4906f718e1feb5ee961", [:mix], [], "hexpm"},
  "earmark": {:hex, :earmark, "1.4.14", "d04572cef64dd92726a97d92d714e38d6e130b024ea1b3f8a56e7de66ec04e50", [:mix], [{:earmark_parser, ">= 1.4.12", [hex: :earmark_parser, repo: "hexpm", optional: false]}], "hexpm"},
  "earmark_parser": {:hex, :earmark_parser, "1.4.12", "b245e875ec0a311a342320da0551da407d9d2b65d98f7a9597ae078615af3449", [:mix], [], "hexpm"},
  "ex_cldr": {:hex, :ex_cldr, "2.20.0", "571a4b490c333809be59cc984a21be2deaab1db9e2418e323d5935aec8b1394a", [:mix], [{:castore, "~> 0.1", [hex: :castore, repo: "hexpm", optional: true]}, {:certifi, "~> 2.5", [hex: :certifi, repo: "hexpm", optional: true]}, {:cldr_utils, "~> 2.15", [hex: :cldr_utils, repo: "hexpm", optional: false]}, {:decimal, "~> 1.6 or ~> 2.0", [hex: :decimal, repo: "hexpm", optional: false]}, {:gettext, "~> 0.13", [hex: :gettext, repo: "hexpm", optional: true]}, {:jason, "~> 1.0", [hex: :jason, repo: "hexpm", optional: true]}, {:nimble_parsec, "~> 0.5 or ~> 1.0", [hex: :nimble_parsec, repo: "hexpm", optional: false]}, {:plug, "~> 1.9", [hex: :plug, repo: "hexpm", optional: true]}, {:telemetry, "~> 0.4.0", [hex: :telemetry, repo: "hexpm", optional: true]}], "hexpm"},
  "ex_cldr_calendars": {:hex, :ex_cldr_calendars, "1.13.0", "6bea6f3c54d74c0ed131dd17e1cff68e02b7053f24c2fac91f129e5221ff723a", [:mix], [{:calendar_interval, "~> 0.2", [hex: :calendar_interval, repo: "hexpm", optional: true]}, {:earmark, "~> 1.0", [hex: :earmark, repo: "hexpm", optional: false]}, {:ex_cldr_numbers, "~> 2.17", [hex: :ex_cldr_numbers, repo: "hexpm", optional: false]}, {:ex_cldr_units, "~> 3.5", [hex: :ex_cldr_units, repo: "hexpm", optional: true]}, {:ex_doc, "~> 0.21", [hex: :ex_doc, repo: "hexpm", optional: true]}, {:jason, "~> 1.0", [hex: :jason, repo: "hexpm", optional: false]}], "hexpm"},
  "ex_cldr_currencies": {:hex, :ex_cldr_currencies, "2.9.1", "692d9d8262bd9c423d601d5ce6ae294df85f8652664e723e2cfd68d97bd72a10", [:mix], [{:ex_cldr, "~> 2.20", [hex: :ex_cldr, repo: "hexpm", optional: false]}, {:ex_doc, "~> 0.18", [hex: :ex_doc, repo: "hexpm", optional: true]}, {:jason, "~> 1.0", [hex: :jason, repo: "hexpm", optional: true]}], "hexpm"},
  "ex_cldr_dates_times": {:hex, :ex_cldr_dates_times, "2.7.0", "c8fc77e075e7408fd414b2a4396e2023901032a3c20d94035b8cee54a10f28c9", [:mix], [{:calendar_interval, "~> 0.2", [hex: :calendar_interval, repo: "hexpm", optional: true]}, {:ex_cldr_calendars, "~> 1.13", [hex: :ex_cldr_calendars, repo: "hexpm", optional: false]}, {:ex_cldr_numbers, "~> 2.17", [hex: :ex_cldr_numbers, repo: "hexpm", optional: false]}, {:ex_doc, "~> 0.18", [hex: :ex_doc, repo: "hexpm", optional: true]}, {:jason, "~> 1.0", [hex: :jason, repo: "hexpm", optional: true]}], "hexpm"},
  "ex_cldr_lists": {:hex, :ex_cldr_lists, "2.8.0", "373d8574d28590fdbc475436cc1590d37200867b4116f69a51e6e57cb0e62ee6", [:mix], [{:ex_cldr_numbers, "~> 2.17", [hex: :ex_cldr_numbers, repo: "hexpm", optional: false]}, {:ex_doc, "~> 0.18", [hex: :ex_doc, repo: "hexpm", optional: true]}, {:jason, "~> 1.0", [hex: :jason, repo: "hexpm", optional: true]}], "hexpm"},
  "ex_cldr_messages": {:hex, :ex_cldr_messages, "0.10.0", "8c9782596c81fc8e124692be83791f86d9765d96ae531e38cfc0898d67ac64a8", [:mix], [{:ex_cldr_dates_times, "~> 2.2", [hex: :ex_cldr_dates_times, repo: "hexpm", optional: true]}, {:ex_cldr_lists, "~> 2.3", [hex: :ex_cldr_lists, repo: "hexpm", optional: false]}, {:ex_cldr_numbers, "~> 2.7", [hex: :ex_cldr_numbers, repo: "hexpm", optional: false]}, {:ex_cldr_units, "~> 2.0 or ~> 3.0", [hex: :ex_cldr_units, repo: "hexpm", optional: true]}, {:ex_doc, "~> 0.20", [hex: :ex_doc, repo: "hexpm", optional: true]}, {:ex_money, "~> 4.0 or ~> 5.0", [hex: :ex_money, repo: "hexpm", optional: true]}, {:jason, "~> 1.1", [hex: :jason, repo: "hexpm", optional: false]}, {:nimble_parsec, "~> 0.5 or ~> 1.0", [hex: :nimble_parsec, repo: "hexpm", optional: false]}], "hexpm"},
  "ex_cldr_numbers": {:hex, :ex_cldr_numbers, "2.17.0", "e79d4161ca82ce8d40bec5bb7dc83d457e81d03e39042e5b62ff48b2cc3c35f3", [:mix], [{:decimal, "~> 1.6 or ~> 2.0", [hex: :decimal, repo: "hexpm", optional: false]}, {:ex_cldr, "~> 2.20", [hex: :ex_cldr, repo: "hexpm", optional: false]}, {:ex_cldr_currencies, "~> 2.9", [hex: :ex_cldr_currencies, repo: "hexpm", optional: false]}, {:ex_doc, "~> 0.18", [hex: :ex_doc, repo: "hexpm", optional: true]}, {:jason, "~> 1.0", [hex: :jason, repo: "hexpm", optional: true]}], "hexpm"},
  "ex_cldr_units": {:hex, :ex_cldr_units, "3.5.0", "a9c2e92e94ca5886c7634e2d334b640e171bec3bdac204260badc013578d789e", [:mix], [{:decimal, "~> 1.6 or ~> 2.0", [hex: :decimal, repo: "hexpm", optional: true]}, {:ex_cldr_lists, "~> 2.8", [hex: :ex_cldr_lists, repo: "hexpm", optional: false]}, {:ex_cldr_numbers, "~> 2.17", [hex: :ex_cldr_numbers, repo: "hexpm", optional: false]}, {:ex_doc, "~> 0.18", [hex: :ex_doc, repo: "hexpm", optional: true]}, {:jason, "~> 1.0", [hex: :jason, repo: "hexpm", optional: true]}, {:ratio, "~> 2.4", [hex: :ratio, repo: "hexpm", optional: false]}], "hexpm"},
  "ex_money": {:hex, :ex_money, "5.5.1", "a44ffa9d09fef6732f9a451dfb4f8912c8aead5c521cf07b075e174f7ce9f97b", [:mix], [{:castore, "~> 0.1", [hex: :castore, repo: "hexpm", optional: true]}, {:certifi, "~> 2.5", [hex: :certifi, repo: "hexpm", optional: true]}, {:cldr_utils, "~> 2.14", [hex: :cldr_utils, repo: "hexpm", optional: false]}, {:decimal, "~> 1.6 or ~> 2.0", [hex: :decimal, repo: "hexpm", optional: false]}, {:ex_cldr_numbers, "~> 2.16", [hex: :ex_cldr_numbers, repo: "hexpm", optional: false]}, {:jason, "~> 1.0", [hex: :jason, repo: "hexpm", optional: true]}, {:nimble_parsec, "~> 0.5 or ~> 1.0", [hex: :nimble_parsec, repo: "hexpm", optional: false]}, {:phoenix_html, "~> 2.0", [hex: :phoenix_html, repo: "hexpm", optional: true]}], "hexpm"},
  "jason": {:hex, :jason, "1.2.2", "ba43e3f2709fd1aa1dce90aaabfd039d000469c05c56f0b8e31978e03fa39052", [:mix], [{:decimal, "~> 1.0 or ~> 2.0", [hex: :decimal, repo: "hexpm", optional: true]}], "hexpm"},
  "memento": {:hex, :memento, "0.3.2", "38cfc8ff9bcb1adff7cbd0f3b78a762636b86dff764729d1c82d0464c539bdd0", [:mix], [], "hexpm"},
  "nimble_parsec": {:hex, :nimble_parsec, "1.1.0", "3a6fca1550363552e54c216debb6a9e95bd8d32348938e13de5eda962c0d7f89", [:mix], [], "hexpm"},
  "numbers": {:hex, :numbers, "5.2.4", "f123d5bb7f6acc366f8f445e10a32bd403c8469bdbce8ce049e1f0972b607080", [:mix], [{:coerce, "~> 1.0", [hex: :coerce, repo: "hexpm", optional: false]}, {:decimal, "~> 1.9 or ~> 2.0", [hex: :decimal, repo: "hexpm", optional: true]}], "hexpm"},
  "ratio": {:hex, :ratio, "2.4.2", "c8518f3536d49b1b00d88dd20d49f8b11abb7819638093314a6348139f14f9f9", [:mix], [{:decimal, "~> 1.6 or ~> 2.0", [hex: :decimal, repo: "hexpm", optional: true]}, {:numbers, "~> 5.2.0", [hex: :numbers, repo: "hexpm", optional: false]}], "hexpm"},
  "stream_data": {:hex, :stream_data, "0.5.0", "b27641e58941685c75b353577dc602c9d2c12292dd84babf506c2033cd97893e", [:mix], [], "hexpm"},
}
