%{
  "cldr_utils": {:hex, :cldr_utils, "2.11.0", "1822c5b246639aa106bb8aea674de183efe132f1bda23aa224000bfe6ee8e08d", [:mix], [{:decimal, "~> 1.6 or ~> 2.0", [hex: :decimal, repo: "hexpm", optional: false]}], "hexpm"},
  "coerce": {:hex, :coerce, "1.0.1", "211c27386315dc2894ac11bc1f413a0e38505d808153367bd5c6e75a4003d096", [:mix], [], "hexpm", "b44a691700f7a1a15b4b7e2ff1fa30bebd669929ac8aa43cffe9e2f8bf051cf1"},
  "decimal": {:hex, :decimal, "2.0.0", "a78296e617b0f5dd4c6caf57c714431347912ffb1d0842e998e9792b5642d697", [:mix], [], "hexpm", "34666e9c55dea81013e77d9d87370fe6cb6291d1ef32f46a1600230b1d44f577"},
  "earmark": {:hex, :earmark, "1.4.10", "bddce5e8ea37712a5bfb01541be8ba57d3b171d3fa4f80a0be9bcf1db417bcaf", [:mix], [{:earmark_parser, ">= 1.4.10", [hex: :earmark_parser, repo: "hexpm", optional: false]}], "hexpm", "12dbfa80810478e521d3ffb941ad9fbfcbbd7debe94e1341b4c4a1b2411c1c27"},
  "earmark_parser": {:hex, :earmark_parser, "1.4.10", "6603d7a603b9c18d3d20db69921527f82ef09990885ed7525003c7fe7dc86c56", [:mix], [], "hexpm", "8e2d5370b732385db2c9b22215c3f59c84ac7dda7ed7e544d7c459496ae519c0"},
  "ex_cldr": {:git, "https://github.com/elixir-cldr/cldr.git", "f0e28f74ef83540cf3c58765fca0c365c64baed9", [branch: "cldr38"]},
  "ex_cldr_calendars": {:hex, :ex_cldr_calendars, "1.10.1", "7e45fd1a26711d644c599e06df132669117bee2ff8e54b93f15e14720f821a9b", [:mix], [{:calendar_interval, "~> 0.2", [hex: :calendar_interval, repo: "hexpm", optional: true]}, {:earmark, "~> 1.0", [hex: :earmark, repo: "hexpm", optional: false]}, {:ex_cldr_numbers, "~> 2.13", [hex: :ex_cldr_numbers, repo: "hexpm", optional: false]}, {:ex_cldr_units, "~> 3.0", [hex: :ex_cldr_units, repo: "hexpm", optional: true]}, {:jason, "~> 1.0", [hex: :jason, repo: "hexpm", optional: false]}], "hexpm"},
  "ex_cldr_currencies": {:hex, :ex_cldr_currencies, "2.7.0", "d302aa589b4c2a28bc274b1944f879c2505aaf52f9427b04687420d55e317b8b", [:mix], [{:ex_cldr, "~> 2.14", [hex: :ex_cldr, repo: "hexpm", optional: false]}, {:jason, "~> 1.0", [hex: :jason, repo: "hexpm", optional: true]}], "hexpm"},
  "ex_cldr_dates_times": {:hex, :ex_cldr_dates_times, "2.5.3", "4c430289df5bfa0e9d6b89585693b7a0659148939a9884dfde9f0cc2ddd2e9ae", [:mix], [{:calendar_interval, "~> 0.2", [hex: :calendar_interval, repo: "hexpm", optional: true]}, {:ex_cldr_calendars, "~> 1.8", [hex: :ex_cldr_calendars, repo: "hexpm", optional: false]}, {:ex_cldr_numbers, "~> 2.15", [hex: :ex_cldr_numbers, repo: "hexpm", optional: false]}, {:jason, "~> 1.0", [hex: :jason, repo: "hexpm", optional: true]}], "hexpm", "3d24ea587f61b1b4816c07b664acdb95b8f94429465247929948c86b3b597f20"},
  "ex_cldr_lists": {:hex, :ex_cldr_lists, "2.6.1", "c43fa0356623b9ee1055f62ca81ba9076b0c98ef3c4db4a73d55bcb480ebf1f1", [:mix], [{:ex_cldr_numbers, "~> 2.15", [hex: :ex_cldr_numbers, repo: "hexpm", optional: false]}, {:jason, "~> 1.0", [hex: :jason, repo: "hexpm", optional: true]}], "hexpm"},
  "ex_cldr_messages": {:hex, :ex_cldr_messages, "0.7.0", "3ab6811e8322321e33668c038d01828b957ae5fbb4267cd481c9b19766a56c30", [:mix], [{:ex_cldr_dates_times, "~> 2.2", [hex: :ex_cldr_dates_times, repo: "hexpm", optional: true]}, {:ex_cldr_lists, "~> 2.3", [hex: :ex_cldr_lists, repo: "hexpm", optional: false]}, {:ex_cldr_numbers, "~> 2.7", [hex: :ex_cldr_numbers, repo: "hexpm", optional: false]}, {:ex_cldr_units, "~> 2.0 or ~> 3.0", [hex: :ex_cldr_units, repo: "hexpm", optional: true]}, {:ex_money, "~> 4.0 or ~> 5.0", [hex: :ex_money, repo: "hexpm", optional: true]}, {:jason, "~> 1.1", [hex: :jason, repo: "hexpm", optional: false]}, {:nimble_parsec, "~> 0.5 or ~> 1.0", [hex: :nimble_parsec, repo: "hexpm", optional: false]}], "hexpm"},
  "ex_cldr_numbers": {:hex, :ex_cldr_numbers, "2.15.4", "1cdeb1f6a22f31e7155edde7d51b3c95ddf6ccf60252a175c10967d4031baebd", [:mix], [{:decimal, "~> 1.6 or ~> 2.0", [hex: :decimal, repo: "hexpm", optional: false]}, {:ex_cldr, "~> 2.15", [hex: :ex_cldr, repo: "hexpm", optional: false]}, {:ex_cldr_currencies, "~> 2.6", [hex: :ex_cldr_currencies, repo: "hexpm", optional: false]}, {:jason, "~> 1.0", [hex: :jason, repo: "hexpm", optional: true]}], "hexpm"},
  "ex_cldr_units": {:hex, :ex_cldr_units, "3.2.1", "59817fe0abd55612e9a25c4383755301a61715de34ac6c5368129c91f692d3fd", [:mix], [{:decimal, "~> 1.6 or ~> 2.0", [hex: :decimal, repo: "hexpm", optional: true]}, {:ex_cldr_lists, "~> 2.5", [hex: :ex_cldr_lists, repo: "hexpm", optional: false]}, {:ex_cldr_numbers, "~> 2.13", [hex: :ex_cldr_numbers, repo: "hexpm", optional: false]}, {:jason, "~> 1.0", [hex: :jason, repo: "hexpm", optional: true]}, {:ratio, "~> 2.4", [hex: :ratio, repo: "hexpm", optional: false]}], "hexpm"},
  "ex_money": {:hex, :ex_money, "5.3.1", "b6b5cb3574e4bb0bfffb83ef1012f97196cda7076bb1b83a6d18be37f12b86d7", [:mix], [{:castore, "~> 0.1", [hex: :castore, repo: "hexpm", optional: true]}, {:certifi, "~> 2.5", [hex: :certifi, repo: "hexpm", optional: true]}, {:decimal, "~> 1.6 or ~> 2.0", [hex: :decimal, repo: "hexpm", optional: false]}, {:ex_cldr_numbers, "~> 2.15", [hex: :ex_cldr_numbers, repo: "hexpm", optional: false]}, {:jason, "~> 1.0", [hex: :jason, repo: "hexpm", optional: true]}, {:nimble_parsec, "~> 0.5 or ~> 1.0", [hex: :nimble_parsec, repo: "hexpm", optional: false]}, {:phoenix_html, "~> 2.0", [hex: :phoenix_html, repo: "hexpm", optional: true]}], "hexpm"},
  "jason": {:hex, :jason, "1.2.2", "ba43e3f2709fd1aa1dce90aaabfd039d000469c05c56f0b8e31978e03fa39052", [:mix], [{:decimal, "~> 1.0 or ~> 2.0", [hex: :decimal, repo: "hexpm", optional: true]}], "hexpm", "18a228f5f0058ee183f29f9eae0805c6e59d61c3b006760668d8d18ff0d12179"},
  "nimble_parsec": {:hex, :nimble_parsec, "1.0.0", "54840f7a89aa3443c9280056742c329259d02787ef1da651f8591706518ceec6", [:mix], [], "hexpm"},
  "numbers": {:hex, :numbers, "5.2.1", "8a6e9eeacfb19f4ac30a52c304f565dc53f8e0813b7193812a5b15b93210780c", [:mix], [{:coerce, "~> 1.0", [hex: :coerce, repo: "hexpm", optional: false]}, {:decimal, "~> 1.5", [hex: :decimal, repo: "hexpm", optional: true]}], "hexpm", "1fd66efe26b67456ad0b80a038f553b89702d073a6942ecd34ce1a3e10af4c92"},
  "ratio": {:hex, :ratio, "2.4.1", "ecf989f3a1483cf892b867ab00ffe8e0784cbe748cd32a610a4ac4c4fd11f46d", [:mix], [{:decimal, "~> 1.6 or ~> 2.0", [hex: :decimal, repo: "hexpm", optional: true]}, {:numbers, "~> 5.2.0", [hex: :numbers, repo: "hexpm", optional: false]}], "hexpm", "3988235b59285b8fef9a55867c0b82125b59915ac80808de064b33ff57b0d54c"},
  "stream_data": {:hex, :stream_data, "0.5.0", "b27641e58941685c75b353577dc602c9d2c12292dd84babf506c2033cd97893e", [:mix], [], "hexpm", "012bd2eec069ada4db3411f9115ccafa38540a3c78c4c0349f151fc761b9e271"},
}
